
Microsoft Visual Studio Solution File, Format Version 12.00
# Visual Studio Version 17
VisualStudioVersion = 17.9.34728.123
MinimumVisualStudioVersion = 10.0.40219.1
Project("{FAE04EC0-301F-11D3-BF4B-00C04F79EFBC}") = "Solucion01", "Solucion01\Solucion01.csproj", "{B69E288D-DE0E-4764-919B-B39CAF0C277B}"
EndProject
Global
	GlobalSection(SolutionConfigurationPlatforms) = preSolution
		Debug|Any CPU = Debug|Any CPU
		Release|Any CPU = Release|Any CPU
	EndGlobalSection
	GlobalSection(ProjectConfigurationPlatforms) = postSolution
		{B69E288D-DE0E-4764-919B-B39CAF0C277B}.Debug|Any CPU.ActiveCfg = Debug|Any CPU
		{B69E288D-DE0E-4764-919B-B39CAF0C277B}.Debug|Any CPU.Build.0 = Debug|Any CPU
		{B69E288D-DE0E-4764-919B-B39CAF0C277B}.Release|Any CPU.ActiveCfg = Release|Any CPU
		{B69E288D-DE0E-4764-919B-B39CAF0C277B}.Release|Any CPU.Build.0 = Release|Any CPU
	EndGlobalSection
	GlobalSection(SolutionProperties) = preSolution
		HideSolutionNode = FALSE
	EndGlobalSection
	GlobalSection(ExtensibilityGlobals) = postSolution
		SolutionGuid = {15314174-35A9-4093-8803-AB1B0B424D26}
	EndGlobalSection
EndGlobal
